// !$*UTF8*$!
{
	archiveVersion = 1;
	classes = {
	};
	objectVersion = 56;
	objects = {

/* Begin PBXBuildFile section */
		34F5D5772C186B0500FB12DF /* SwiftUIFlowCoordinatorPatternNextIOS16App.swift in Sources */ = {isa = PBXBuildFile; fileRef = 34F5D5762C186B0500FB12DF /* SwiftUIFlowCoordinatorPatternNextIOS16App.swift */; };
		34F5D5792C186B0500FB12DF /* ContentView.swift in Sources */ = {isa = PBXBuildFile; fileRef = 34F5D5782C186B0500FB12DF /* ContentView.swift */; };
		34F5D57B2C186B0700FB12DF /* Assets.xcassets in Resources */ = {isa = PBXBuildFile; fileRef = 34F5D57A2C186B0700FB12DF /* Assets.xcassets */; };
		34F5D57E2C186B0700FB12DF /* Preview Assets.xcassets in Resources */ = {isa = PBXBuildFile; fileRef = 34F5D57D2C186B0700FB12DF /* Preview Assets.xcassets */; };
		34F5D5852C186B8600FB12DF /* NavigationLink.swift in Sources */ = {isa = PBXBuildFile; fileRef = 34F5D5842C186B8600FB12DF /* NavigationLink.swift */; };
		34F5D5A52C186C5000FB12DF /* ContentFlowCoordinator.swift in Sources */ = {isa = PBXBuildFile; fileRef = 34F5D5862C186C5000FB12DF /* ContentFlowCoordinator.swift */; };
		34F5D5A62C186C5000FB12DF /* ContentLink.swift in Sources */ = {isa = PBXBuildFile; fileRef = 34F5D5872C186C5000FB12DF /* ContentLink.swift */; };
		34F5D5A82C186C5000FB12DF /* ContentViewModel.swift in Sources */ = {isa = PBXBuildFile; fileRef = 34F5D5892C186C5000FB12DF /* ContentViewModel.swift */; };
		34F5D5A92C186C5000FB12DF /* CoverFlowCoordinator.swift in Sources */ = {isa = PBXBuildFile; fileRef = 34F5D58B2C186C5000FB12DF /* CoverFlowCoordinator.swift */; };
		34F5D5AA2C186C5000FB12DF /* CoverLink.swift in Sources */ = {isa = PBXBuildFile; fileRef = 34F5D58C2C186C5000FB12DF /* CoverLink.swift */; };
		34F5D5AB2C186C5000FB12DF /* CoverView.swift in Sources */ = {isa = PBXBuildFile; fileRef = 34F5D58D2C186C5000FB12DF /* CoverView.swift */; };
		34F5D5AC2C186C5000FB12DF /* CoverViewModel.swift in Sources */ = {isa = PBXBuildFile; fileRef = 34F5D58E2C186C5000FB12DF /* CoverViewModel.swift */; };
		34F5D5AD2C186C5000FB12DF /* FirstFlowCoordinator.swift in Sources */ = {isa = PBXBuildFile; fileRef = 34F5D5902C186C5000FB12DF /* FirstFlowCoordinator.swift */; };
		34F5D5AE2C186C5000FB12DF /* FirstLink.swift in Sources */ = {isa = PBXBuildFile; fileRef = 34F5D5912C186C5000FB12DF /* FirstLink.swift */; };
		34F5D5AF2C186C5000FB12DF /* FirstView.swift in Sources */ = {isa = PBXBuildFile; fileRef = 34F5D5922C186C5000FB12DF /* FirstView.swift */; };
		34F5D5B02C186C5000FB12DF /* FirstViewModel.swift in Sources */ = {isa = PBXBuildFile; fileRef = 34F5D5932C186C5000FB12DF /* FirstViewModel.swift */; };
		34F5D5B12C186C5000FB12DF /* SecondFlowCoordinator.swift in Sources */ = {isa = PBXBuildFile; fileRef = 34F5D5952C186C5000FB12DF /* SecondFlowCoordinator.swift */; };
		34F5D5B22C186C5000FB12DF /* SecondLink.swift in Sources */ = {isa = PBXBuildFile; fileRef = 34F5D5962C186C5000FB12DF /* SecondLink.swift */; };
		34F5D5B32C186C5000FB12DF /* SecondView.swift in Sources */ = {isa = PBXBuildFile; fileRef = 34F5D5972C186C5000FB12DF /* SecondView.swift */; };
		34F5D5B42C186C5000FB12DF /* SecondViewModel.swift in Sources */ = {isa = PBXBuildFile; fileRef = 34F5D5982C186C5000FB12DF /* SecondViewModel.swift */; };
		34F5D5B52C186C5000FB12DF /* SheetFlowCoordinator.swift in Sources */ = {isa = PBXBuildFile; fileRef = 34F5D59A2C186C5000FB12DF /* SheetFlowCoordinator.swift */; };
		34F5D5B62C186C5000FB12DF /* SheetLink.swift in Sources */ = {isa = PBXBuildFile; fileRef = 34F5D59B2C186C5000FB12DF /* SheetLink.swift */; };
		34F5D5B72C186C5000FB12DF /* SheetView.swift in Sources */ = {isa = PBXBuildFile; fileRef = 34F5D59C2C186C5000FB12DF /* SheetView.swift */; };
		34F5D5B82C186C5000FB12DF /* SheetViewModel.swift in Sources */ = {isa = PBXBuildFile; fileRef = 34F5D59D2C186C5000FB12DF /* SheetViewModel.swift */; };
		34F5D5B92C186C5000FB12DF /* ThirdFlowCoordinator.swift in Sources */ = {isa = PBXBuildFile; fileRef = 34F5D59F2C186C5000FB12DF /* ThirdFlowCoordinator.swift */; };
		34F5D5BA2C186C5000FB12DF /* ThirdLink.swift in Sources */ = {isa = PBXBuildFile; fileRef = 34F5D5A02C186C5000FB12DF /* ThirdLink.swift */; };
		34F5D5BB2C186C5000FB12DF /* ThirdView.swift in Sources */ = {isa = PBXBuildFile; fileRef = 34F5D5A12C186C5000FB12DF /* ThirdView.swift */; };
		34F5D5BC2C186C5000FB12DF /* ThirdViewModel.swift in Sources */ = {isa = PBXBuildFile; fileRef = 34F5D5A22C186C5000FB12DF /* ThirdViewModel.swift */; };
/* End PBXBuildFile section */

/* Begin PBXFileReference section */
		34F5D5732C186B0500FB12DF /* SwiftUIFlowCoordinatorPatternNextIOS16.app */ = {isa = PBXFileReference; explicitFileType = wrapper.application; includeInIndex = 0; path = SwiftUIFlowCoordinatorPatternNextIOS16.app; sourceTree = BUILT_PRODUCTS_DIR; };
		34F5D5762C186B0500FB12DF /* SwiftUIFlowCoordinatorPatternNextIOS16App.swift */ = {isa = PBXFileReference; lastKnownFileType = sourcecode.swift; path = SwiftUIFlowCoordinatorPatternNextIOS16App.swift; sourceTree = "<group>"; };
		34F5D5782C186B0500FB12DF /* ContentView.swift */ = {isa = PBXFileReference; lastKnownFileType = sourcecode.swift; name = ContentView.swift; path = ../../ContentView.swift; sourceTree = "<group>"; };
		34F5D57A2C186B0700FB12DF /* Assets.xcassets */ = {isa = PBXFileReference; lastKnownFileType = folder.assetcatalog; path = Assets.xcassets; sourceTree = "<group>"; };
		34F5D57D2C186B0700FB12DF /* Preview Assets.xcassets */ = {isa = PBXFileReference; lastKnownFileType = folder.assetcatalog; path = "Preview Assets.xcassets"; sourceTree = "<group>"; };
		34F5D5842C186B8600FB12DF /* NavigationLink.swift */ = {isa = PBXFileReference; lastKnownFileType = sourcecode.swift; path = NavigationLink.swift; sourceTree = "<group>"; };
		34F5D5862C186C5000FB12DF /* ContentFlowCoordinator.swift */ = {isa = PBXFileReference; fileEncoding = 4; lastKnownFileType = sourcecode.swift; path = ContentFlowCoordinator.swift; sourceTree = "<group>"; };
		34F5D5872C186C5000FB12DF /* ContentLink.swift */ = {isa = PBXFileReference; fileEncoding = 4; lastKnownFileType = sourcecode.swift; path = ContentLink.swift; sourceTree = "<group>"; };
		34F5D5892C186C5000FB12DF /* ContentViewModel.swift */ = {isa = PBXFileReference; fileEncoding = 4; lastKnownFileType = sourcecode.swift; path = ContentViewModel.swift; sourceTree = "<group>"; };
		34F5D58B2C186C5000FB12DF /* CoverFlowCoordinator.swift */ = {isa = PBXFileReference; fileEncoding = 4; lastKnownFileType = sourcecode.swift; path = CoverFlowCoordinator.swift; sourceTree = "<group>"; };
		34F5D58C2C186C5000FB12DF /* CoverLink.swift */ = {isa = PBXFileReference; fileEncoding = 4; lastKnownFileType = sourcecode.swift; path = CoverLink.swift; sourceTree = "<group>"; };
		34F5D58D2C186C5000FB12DF /* CoverView.swift */ = {isa = PBXFileReference; fileEncoding = 4; lastKnownFileType = sourcecode.swift; path = CoverView.swift; sourceTree = "<group>"; };
		34F5D58E2C186C5000FB12DF /* CoverViewModel.swift */ = {isa = PBXFileReference; fileEncoding = 4; lastKnownFileType = sourcecode.swift; path = CoverViewModel.swift; sourceTree = "<group>"; };
		34F5D5902C186C5000FB12DF /* FirstFlowCoordinator.swift */ = {isa = PBXFileReference; fileEncoding = 4; lastKnownFileType = sourcecode.swift; path = FirstFlowCoordinator.swift; sourceTree = "<group>"; };
		34F5D5912C186C5000FB12DF /* FirstLink.swift */ = {isa = PBXFileReference; fileEncoding = 4; lastKnownFileType = sourcecode.swift; path = FirstLink.swift; sourceTree = "<group>"; };
		34F5D5922C186C5000FB12DF /* FirstView.swift */ = {isa = PBXFileReference; fileEncoding = 4; lastKnownFileType = sourcecode.swift; path = FirstView.swift; sourceTree = "<group>"; };
		34F5D5932C186C5000FB12DF /* FirstViewModel.swift */ = {isa = PBXFileReference; fileEncoding = 4; lastKnownFileType = sourcecode.swift; path = FirstViewModel.swift; sourceTree = "<group>"; };
		34F5D5952C186C5000FB12DF /* SecondFlowCoordinator.swift */ = {isa = PBXFileReference; fileEncoding = 4; lastKnownFileType = sourcecode.swift; path = SecondFlowCoordinator.swift; sourceTree = "<group>"; };
		34F5D5962C186C5000FB12DF /* SecondLink.swift */ = {isa = PBXFileReference; fileEncoding = 4; lastKnownFileType = sourcecode.swift; path = SecondLink.swift; sourceTree = "<group>"; };
		34F5D5972C186C5000FB12DF /* SecondView.swift */ = {isa = PBXFileReference; fileEncoding = 4; lastKnownFileType = sourcecode.swift; path = SecondView.swift; sourceTree = "<group>"; };
		34F5D5982C186C5000FB12DF /* SecondViewModel.swift */ = {isa = PBXFileReference; fileEncoding = 4; lastKnownFileType = sourcecode.swift; path = SecondViewModel.swift; sourceTree = "<group>"; };
		34F5D59A2C186C5000FB12DF /* SheetFlowCoordinator.swift */ = {isa = PBXFileReference; fileEncoding = 4; lastKnownFileType = sourcecode.swift; path = SheetFlowCoordinator.swift; sourceTree = "<group>"; };
		34F5D59B2C186C5000FB12DF /* SheetLink.swift */ = {isa = PBXFileReference; fileEncoding = 4; lastKnownFileType = sourcecode.swift; path = SheetLink.swift; sourceTree = "<group>"; };
		34F5D59C2C186C5000FB12DF /* SheetView.swift */ = {isa = PBXFileReference; fileEncoding = 4; lastKnownFileType = sourcecode.swift; path = SheetView.swift; sourceTree = "<group>"; };
		34F5D59D2C186C5000FB12DF /* SheetViewModel.swift */ = {isa = PBXFileReference; fileEncoding = 4; lastKnownFileType = sourcecode.swift; path = SheetViewModel.swift; sourceTree = "<group>"; };
		34F5D59F2C186C5000FB12DF /* ThirdFlowCoordinator.swift */ = {isa = PBXFileReference; fileEncoding = 4; lastKnownFileType = sourcecode.swift; path = ThirdFlowCoordinator.swift; sourceTree = "<group>"; };
		34F5D5A02C186C5000FB12DF /* ThirdLink.swift */ = {isa = PBXFileReference; fileEncoding = 4; lastKnownFileType = sourcecode.swift; path = ThirdLink.swift; sourceTree = "<group>"; };
		34F5D5A12C186C5000FB12DF /* ThirdView.swift */ = {isa = PBXFileReference; fileEncoding = 4; lastKnownFileType = sourcecode.swift; path = ThirdView.swift; sourceTree = "<group>"; };
		34F5D5A22C186C5000FB12DF /* ThirdViewModel.swift */ = {isa = PBXFileReference; fileEncoding = 4; lastKnownFileType = sourcecode.swift; path = ThirdViewModel.swift; sourceTree = "<group>"; };
/* End PBXFileReference section */

/* Begin PBXFrameworksBuildPhase section */
		34F5D5702C186B0500FB12DF /* Frameworks */ = {
			isa = PBXFrameworksBuildPhase;
			buildActionMask = 2147483647;
			files = (
			);
			runOnlyForDeploymentPostprocessing = 0;
		};
/* End PBXFrameworksBuildPhase section */

/* Begin PBXGroup section */
		34F5D56A2C186B0500FB12DF = {
			isa = PBXGroup;
			children = (
				34F5D5752C186B0500FB12DF /* SwiftUIFlowCoordinatorPatternNextIOS16 */,
				34F5D5742C186B0500FB12DF /* Products */,
			);
			sourceTree = "<group>";
		};
		34F5D5742C186B0500FB12DF /* Products */ = {
			isa = PBXGroup;
			children = (
				34F5D5732C186B0500FB12DF /* SwiftUIFlowCoordinatorPatternNextIOS16.app */,
			);
			name = Products;
			sourceTree = "<group>";
		};
		34F5D5752C186B0500FB12DF /* SwiftUIFlowCoordinatorPatternNextIOS16 */ = {
			isa = PBXGroup;
			children = (
				34F5D5762C186B0500FB12DF /* SwiftUIFlowCoordinatorPatternNextIOS16App.swift */,
				34F5D5BD2C186C5800FB12DF /* Extension */,
				34F5D5A42C186C5000FB12DF /* Views */,
				34F5D57A2C186B0700FB12DF /* Assets.xcassets */,
				34F5D57C2C186B0700FB12DF /* Preview Content */,
			);
			path = SwiftUIFlowCoordinatorPatternNextIOS16;
			sourceTree = "<group>";
		};
		34F5D57C2C186B0700FB12DF /* Preview Content */ = {
			isa = PBXGroup;
			children = (
				34F5D57D2C186B0700FB12DF /* Preview Assets.xcassets */,
			);
			path = "Preview Content";
			sourceTree = "<group>";
		};
		34F5D58A2C186C5000FB12DF /* Content */ = {
			isa = PBXGroup;
			children = (
				34F5D5862C186C5000FB12DF /* ContentFlowCoordinator.swift */,
				34F5D5872C186C5000FB12DF /* ContentLink.swift */,
				34F5D5782C186B0500FB12DF /* ContentView.swift */,
				34F5D5892C186C5000FB12DF /* ContentViewModel.swift */,
			);
			path = Content;
			sourceTree = "<group>";
		};
		34F5D58F2C186C5000FB12DF /* Cover */ = {
			isa = PBXGroup;
			children = (
				34F5D58B2C186C5000FB12DF /* CoverFlowCoordinator.swift */,
				34F5D58C2C186C5000FB12DF /* CoverLink.swift */,
				34F5D58D2C186C5000FB12DF /* CoverView.swift */,
				34F5D58E2C186C5000FB12DF /* CoverViewModel.swift */,
			);
			path = Cover;
			sourceTree = "<group>";
		};
		34F5D5942C186C5000FB12DF /* First */ = {
			isa = PBXGroup;
			children = (
				34F5D5902C186C5000FB12DF /* FirstFlowCoordinator.swift */,
				34F5D5912C186C5000FB12DF /* FirstLink.swift */,
				34F5D5922C186C5000FB12DF /* FirstView.swift */,
				34F5D5932C186C5000FB12DF /* FirstViewModel.swift */,
			);
			path = First;
			sourceTree = "<group>";
		};
		34F5D5992C186C5000FB12DF /* Second */ = {
			isa = PBXGroup;
			children = (
				34F5D5952C186C5000FB12DF /* SecondFlowCoordinator.swift */,
				34F5D5962C186C5000FB12DF /* SecondLink.swift */,
				34F5D5972C186C5000FB12DF /* SecondView.swift */,
				34F5D5982C186C5000FB12DF /* SecondViewModel.swift */,
			);
			path = Second;
			sourceTree = "<group>";
		};
		34F5D59E2C186C5000FB12DF /* Sheet */ = {
			isa = PBXGroup;
			children = (
				34F5D59A2C186C5000FB12DF /* SheetFlowCoordinator.swift */,
				34F5D59B2C186C5000FB12DF /* SheetLink.swift */,
				34F5D59C2C186C5000FB12DF /* SheetView.swift */,
				34F5D59D2C186C5000FB12DF /* SheetViewModel.swift */,
			);
			path = Sheet;
			sourceTree = "<group>";
		};
		34F5D5A32C186C5000FB12DF /* Third */ = {
			isa = PBXGroup;
			children = (
				34F5D59F2C186C5000FB12DF /* ThirdFlowCoordinator.swift */,
				34F5D5A02C186C5000FB12DF /* ThirdLink.swift */,
				34F5D5A12C186C5000FB12DF /* ThirdView.swift */,
				34F5D5A22C186C5000FB12DF /* ThirdViewModel.swift */,
			);
			path = Third;
			sourceTree = "<group>";
		};
		34F5D5A42C186C5000FB12DF /* Views */ = {
			isa = PBXGroup;
			children = (
				34F5D58A2C186C5000FB12DF /* Content */,
				34F5D58F2C186C5000FB12DF /* Cover */,
				34F5D5942C186C5000FB12DF /* First */,
				34F5D5992C186C5000FB12DF /* Second */,
				34F5D59E2C186C5000FB12DF /* Sheet */,
				34F5D5A32C186C5000FB12DF /* Third */,
			);
			path = Views;
			sourceTree = "<group>";
		};
		34F5D5BD2C186C5800FB12DF /* Extension */ = {
			isa = PBXGroup;
			children = (
				34F5D5842C186B8600FB12DF /* NavigationLink.swift */,
			);
			path = Extension;
			sourceTree = "<group>";
		};
/* End PBXGroup section */

/* Begin PBXNativeTarget section */
		34F5D5722C186B0500FB12DF /* SwiftUIFlowCoordinatorPatternNextIOS16 */ = {
			isa = PBXNativeTarget;
			buildConfigurationList = 34F5D5812C186B0700FB12DF /* Build configuration list for PBXNativeTarget "SwiftUIFlowCoordinatorPatternNextIOS16" */;
			buildPhases = (
				34F5D56F2C186B0500FB12DF /* Sources */,
				34F5D5702C186B0500FB12DF /* Frameworks */,
				34F5D5712C186B0500FB12DF /* Resources */,
			);
			buildRules = (
			);
			dependencies = (
			);
			name = SwiftUIFlowCoordinatorPatternNextIOS16;
			productName = SwiftUIFlowCoordinatorPatternNextIOS16;
			productReference = 34F5D5732C186B0500FB12DF /* SwiftUIFlowCoordinatorPatternNextIOS16.app */;
			productType = "com.apple.product-type.application";
		};
/* End PBXNativeTarget section */

/* Begin PBXProject section */
		34F5D56B2C186B0500FB12DF /* Project object */ = {
			isa = PBXProject;
			attributes = {
				BuildIndependentTargetsInParallel = 1;
				LastSwiftUpdateCheck = 1540;
				LastUpgradeCheck = 1540;
				TargetAttributes = {
					34F5D5722C186B0500FB12DF = {
						CreatedOnToolsVersion = 15.4;
					};
				};
			};
			buildConfigurationList = 34F5D56E2C186B0500FB12DF /* Build configuration list for PBXProject "SwiftUIFlowCoordinatorPatternNextIOS16" */;
			compatibilityVersion = "Xcode 14.0";
			developmentRegion = en;
			hasScannedForEncodings = 0;
			knownRegions = (
				en,
				Base,
			);
			mainGroup = 34F5D56A2C186B0500FB12DF;
			productRefGroup = 34F5D5742C186B0500FB12DF /* Products */;
			projectDirPath = "";
			projectRoot = "";
			targets = (
				34F5D5722C186B0500FB12DF /* SwiftUIFlowCoordinatorPatternNextIOS16 */,
			);
		};
/* End PBXProject section */

/* Begin PBXResourcesBuildPhase section */
		34F5D5712C186B0500FB12DF /* Resources */ = {
			isa = PBXResourcesBuildPhase;
			buildActionMask = 2147483647;
			files = (
				34F5D57E2C186B0700FB12DF /* Preview Assets.xcassets in Resources */,
				34F5D57B2C186B0700FB12DF /* Assets.xcassets in Resources */,
			);
			runOnlyForDeploymentPostprocessing = 0;
		};
/* End PBXResourcesBuildPhase section */

/* Begin PBXSourcesBuildPhase section */
		34F5D56F2C186B0500FB12DF /* Sources */ = {
			isa = PBXSourcesBuildPhase;
			buildActionMask = 2147483647;
			files = (
				34F5D5A92C186C5000FB12DF /* CoverFlowCoordinator.swift in Sources */,
				34F5D5B02C186C5000FB12DF /* FirstViewModel.swift in Sources */,
				34F5D5B22C186C5000FB12DF /* SecondLink.swift in Sources */,
				34F5D5BC2C186C5000FB12DF /* ThirdViewModel.swift in Sources */,
				34F5D5B42C186C5000FB12DF /* SecondViewModel.swift in Sources */,
				34F5D5852C186B8600FB12DF /* NavigationLink.swift in Sources */,
				34F5D5BA2C186C5000FB12DF /* ThirdLink.swift in Sources */,
				34F5D5AE2C186C5000FB12DF /* FirstLink.swift in Sources */,
				34F5D5AA2C186C5000FB12DF /* CoverLink.swift in Sources */,
				34F5D5792C186B0500FB12DF /* ContentView.swift in Sources */,
				34F5D5A82C186C5000FB12DF /* ContentViewModel.swift in Sources */,
				34F5D5AF2C186C5000FB12DF /* FirstView.swift in Sources */,
				34F5D5AB2C186C5000FB12DF /* CoverView.swift in Sources */,
				34F5D5A62C186C5000FB12DF /* ContentLink.swift in Sources */,
				34F5D5BB2C186C5000FB12DF /* ThirdView.swift in Sources */,
				34F5D5B32C186C5000FB12DF /* SecondView.swift in Sources */,
				34F5D5B52C186C5000FB12DF /* SheetFlowCoordinator.swift in Sources */,
				34F5D5B82C186C5000FB12DF /* SheetViewModel.swift in Sources */,
				34F5D5A52C186C5000FB12DF /* ContentFlowCoordinator.swift in Sources */,
				34F5D5B72C186C5000FB12DF /* SheetView.swift in Sources */,
				34F5D5AD2C186C5000FB12DF /* FirstFlowCoordinator.swift in Sources */,
				34F5D5AC2C186C5000FB12DF /* CoverViewModel.swift in Sources */,
				34F5D5B92C186C5000FB12DF /* ThirdFlowCoordinator.swift in Sources */,
				34F5D5B62C186C5000FB12DF /* SheetLink.swift in Sources */,
				34F5D5B12C186C5000FB12DF /* SecondFlowCoordinator.swift in Sources */,
				34F5D5772C186B0500FB12DF /* SwiftUIFlowCoordinatorPatternNextIOS16App.swift in Sources */,
			);
			runOnlyForDeploymentPostprocessing = 0;
		};
/* End PBXSourcesBuildPhase section */

/* Begin XCBuildConfiguration section */
		34F5D57F2C186B0700FB12DF /* Debug */ = {
			isa = XCBuildConfiguration;
			buildSettings = {
				ALWAYS_SEARCH_USER_PATHS = NO;
				ASSETCATALOG_COMPILER_GENERATE_SWIFT_ASSET_SYMBOL_EXTENSIONS = YES;
				CLANG_ANALYZER_NONNULL = YES;
				CLANG_ANALYZER_NUMBER_OBJECT_CONVERSION = YES_AGGRESSIVE;
				CLANG_CXX_LANGUAGE_STANDARD = "gnu++20";
				CLANG_ENABLE_MODULES = YES;
				CLANG_ENABLE_OBJC_ARC = YES;
				CLANG_ENABLE_OBJC_WEAK = YES;
				CLANG_WARN_BLOCK_CAPTURE_AUTORELEASING = YES;
				CLANG_WARN_BOOL_CONVERSION = YES;
				CLANG_WARN_COMMA = YES;
				CLANG_WARN_CONSTANT_CONVERSION = YES;
				CLANG_WARN_DEPRECATED_OBJC_IMPLEMENTATIONS = YES;
				CLANG_WARN_DIRECT_OBJC_ISA_USAGE = YES_ERROR;
				CLANG_WARN_DOCUMENTATION_COMMENTS = YES;
				CLANG_WARN_EMPTY_BODY = YES;
				CLANG_WARN_ENUM_CONVERSION = YES;
				CLANG_WARN_INFINITE_RECURSION = YES;
				CLANG_WARN_INT_CONVERSION = YES;
				CLANG_WARN_NON_LITERAL_NULL_CONVERSION = YES;
				CLANG_WARN_OBJC_IMPLICIT_RETAIN_SELF = YES;
				CLANG_WARN_OBJC_LITERAL_CONVERSION = YES;
				CLANG_WARN_OBJC_ROOT_CLASS = YES_ERROR;
				CLANG_WARN_QUOTED_INCLUDE_IN_FRAMEWORK_HEADER = YES;
				CLANG_WARN_RANGE_LOOP_ANALYSIS = YES;
				CLANG_WARN_STRICT_PROTOTYPES = YES;
				CLANG_WARN_SUSPICIOUS_MOVE = YES;
				CLANG_WARN_UNGUARDED_AVAILABILITY = YES_AGGRESSIVE;
				CLANG_WARN_UNREACHABLE_CODE = YES;
				CLANG_WARN__DUPLICATE_METHOD_MATCH = YES;
				COPY_PHASE_STRIP = NO;
				DEBUG_INFORMATION_FORMAT = dwarf;
				ENABLE_STRICT_OBJC_MSGSEND = YES;
				ENABLE_TESTABILITY = YES;
				ENABLE_USER_SCRIPT_SANDBOXING = YES;
				GCC_C_LANGUAGE_STANDARD = gnu17;
				GCC_DYNAMIC_NO_PIC = NO;
				GCC_NO_COMMON_BLOCKS = YES;
				GCC_OPTIMIZATION_LEVEL = 0;
				GCC_PREPROCESSOR_DEFINITIONS = (
					"DEBUG=1",
					"$(inherited)",
				);
				GCC_WARN_64_TO_32_BIT_CONVERSION = YES;
				GCC_WARN_ABOUT_RETURN_TYPE = YES_ERROR;
				GCC_WARN_UNDECLARED_SELECTOR = YES;
				GCC_WARN_UNINITIALIZED_AUTOS = YES_AGGRESSIVE;
				GCC_WARN_UNUSED_FUNCTION = YES;
				GCC_WARN_UNUSED_VARIABLE = YES;
				IPHONEOS_DEPLOYMENT_TARGET = 17.5;
				LOCALIZATION_PREFERS_STRING_CATALOGS = YES;
				MTL_ENABLE_DEBUG_INFO = INCLUDE_SOURCE;
				MTL_FAST_MATH = YES;
				ONLY_ACTIVE_ARCH = YES;
				SDKROOT = iphoneos;
				SWIFT_ACTIVE_COMPILATION_CONDITIONS = "DEBUG $(inherited)";
				SWIFT_OPTIMIZATION_LEVEL = "-Onone";
			};
			name = Debug;
		};
		34F5D5802C186B0700FB12DF /* Release */ = {
			isa = XCBuildConfiguration;
			buildSettings = {
				ALWAYS_SEARCH_USER_PATHS = NO;
				ASSETCATALOG_COMPILER_GENERATE_SWIFT_ASSET_SYMBOL_EXTENSIONS = YES;
				CLANG_ANALYZER_NONNULL = YES;
				CLANG_ANALYZER_NUMBER_OBJECT_CONVERSION = YES_AGGRESSIVE;
				CLANG_CXX_LANGUAGE_STANDARD = "gnu++20";
				CLANG_ENABLE_MODULES = YES;
				CLANG_ENABLE_OBJC_ARC = YES;
				CLANG_ENABLE_OBJC_WEAK = YES;
				CLANG_WARN_BLOCK_CAPTURE_AUTORELEASING = YES;
				CLANG_WARN_BOOL_CONVERSION = YES;
				CLANG_WARN_COMMA = YES;
				CLANG_WARN_CONSTANT_CONVERSION = YES;
				CLANG_WARN_DEPRECATED_OBJC_IMPLEMENTATIONS = YES;
				CLANG_WARN_DIRECT_OBJC_ISA_USAGE = YES_ERROR;
				CLANG_WARN_DOCUMENTATION_COMMENTS = YES;
				CLANG_WARN_EMPTY_BODY = YES;
				CLANG_WARN_ENUM_CONVERSION = YES;
				CLANG_WARN_INFINITE_RECURSION = YES;
				CLANG_WARN_INT_CONVERSION = YES;
				CLANG_WARN_NON_LITERAL_NULL_CONVERSION = YES;
				CLANG_WARN_OBJC_IMPLICIT_RETAIN_SELF = YES;
				CLANG_WARN_OBJC_LITERAL_CONVERSION = YES;
				CLANG_WARN_OBJC_ROOT_CLASS = YES_ERROR;
				CLANG_WARN_QUOTED_INCLUDE_IN_FRAMEWORK_HEADER = YES;
				CLANG_WARN_RANGE_LOOP_ANALYSIS = YES;
				CLANG_WARN_STRICT_PROTOTYPES = YES;
				CLANG_WARN_SUSPICIOUS_MOVE = YES;
				CLANG_WARN_UNGUARDED_AVAILABILITY = YES_AGGRESSIVE;
				CLANG_WARN_UNREACHABLE_CODE = YES;
				CLANG_WARN__DUPLICATE_METHOD_MATCH = YES;
				COPY_PHASE_STRIP = NO;
				DEBUG_INFORMATION_FORMAT = "dwarf-with-dsym";
				ENABLE_NS_ASSERTIONS = NO;
				ENABLE_STRICT_OBJC_MSGSEND = YES;
				ENABLE_USER_SCRIPT_SANDBOXING = YES;
				GCC_C_LANGUAGE_STANDARD = gnu17;
				GCC_NO_COMMON_BLOCKS = YES;
				GCC_WARN_64_TO_32_BIT_CONVERSION = YES;
				GCC_WARN_ABOUT_RETURN_TYPE = YES_ERROR;
				GCC_WARN_UNDECLARED_SELECTOR = YES;
				GCC_WARN_UNINITIALIZED_AUTOS = YES_AGGRESSIVE;
				GCC_WARN_UNUSED_FUNCTION = YES;
				GCC_WARN_UNUSED_VARIABLE = YES;
				IPHONEOS_DEPLOYMENT_TARGET = 17.5;
				LOCALIZATION_PREFERS_STRING_CATALOGS = YES;
				MTL_ENABLE_DEBUG_INFO = NO;
				MTL_FAST_MATH = YES;
				SDKROOT = iphoneos;
				SWIFT_COMPILATION_MODE = wholemodule;
				VALIDATE_PRODUCT = YES;
			};
			name = Release;
		};
		34F5D5822C186B0700FB12DF /* Debug */ = {
			isa = XCBuildConfiguration;
			buildSettings = {
				ASSETCATALOG_COMPILER_APPICON_NAME = AppIcon;
				ASSETCATALOG_COMPILER_GLOBAL_ACCENT_COLOR_NAME = AccentColor;
				CODE_SIGN_STYLE = Automatic;
				CURRENT_PROJECT_VERSION = 1;
				DEVELOPMENT_ASSET_PATHS = "\"SwiftUIFlowCoordinatorPatternNextIOS16/Preview Content\"";
				DEVELOPMENT_TEAM = U4A9CNA96C;
				ENABLE_PREVIEWS = YES;
				GENERATE_INFOPLIST_FILE = YES;
				INFOPLIST_KEY_UIApplicationSceneManifest_Generation = YES;
				INFOPLIST_KEY_UIApplicationSupportsIndirectInputEvents = YES;
				INFOPLIST_KEY_UILaunchScreen_Generation = YES;
				INFOPLIST_KEY_UISupportedInterfaceOrientations_iPad = "UIInterfaceOrientationPortrait UIInterfaceOrientationPortraitUpsideDown UIInterfaceOrientationLandscapeLeft UIInterfaceOrientationLandscapeRight";
				INFOPLIST_KEY_UISupportedInterfaceOrientations_iPhone = "UIInterfaceOrientationPortrait UIInterfaceOrientationLandscapeLeft UIInterfaceOrientationLandscapeRight";
				IPHONEOS_DEPLOYMENT_TARGET = 17.5;
				LD_RUNPATH_SEARCH_PATHS = (
					"$(inherited)",
					"@executable_path/Frameworks",
				);
				MARKETING_VERSION = 1.0;
				PRODUCT_BUNDLE_IDENTIFIER = com.hakobghlijyan.SwiftUIFlowCoordinatorPatternNextIOS16;
				PRODUCT_NAME = "$(TARGET_NAME)";
				SWIFT_EMIT_LOC_STRINGS = YES;
				SWIFT_VERSION = 5.0;
				TARGETED_DEVICE_FAMILY = "1,2";
			};
			name = Debug;
		};
		34F5D5832C186B0700FB12DF /* Release */ = {
			isa = XCBuildConfiguration;
			buildSettings = {
				ASSETCATALOG_COMPILER_APPICON_NAME = AppIcon;
				ASSETCATALOG_COMPILER_GLOBAL_ACCENT_COLOR_NAME = AccentColor;
				CODE_SIGN_STYLE = Automatic;
				CURRENT_PROJECT_VERSION = 1;
				DEVELOPMENT_ASSET_PATHS = "\"SwiftUIFlowCoordinatorPatternNextIOS16/Preview Content\"";
				DEVELOPMENT_TEAM = U4A9CNA96C;
				ENABLE_PREVIEWS = YES;
				GENERATE_INFOPLIST_FILE = YES;
				INFOPLIST_KEY_UIApplicationSceneManifest_Generation = YES;
				INFOPLIST_KEY_UIApplicationSupportsIndirectInputEvents = YES;
				INFOPLIST_KEY_UILaunchScreen_Generation = YES;
				INFOPLIST_KEY_UISupportedInterfaceOrientations_iPad = "UIInterfaceOrientationPortrait UIInterfaceOrientationPortraitUpsideDown UIInterfaceOrientationLandscapeLeft UIInterfaceOrientationLandscapeRight";
				INFOPLIST_KEY_UISupportedInterfaceOrientations_iPhone = "UIInterfaceOrientationPortrait UIInterfaceOrientationLandscapeLeft UIInterfaceOrientationLandscapeRight";
				IPHONEOS_DEPLOYMENT_TARGET = 17.5;
				LD_RUNPATH_SEARCH_PATHS = (
					"$(inherited)",
					"@executable_path/Frameworks",
				);
				MARKETING_VERSION = 1.0;
				PRODUCT_BUNDLE_IDENTIFIER = com.hakobghlijyan.SwiftUIFlowCoordinatorPatternNextIOS16;
				PRODUCT_NAME = "$(TARGET_NAME)";
				SWIFT_EMIT_LOC_STRINGS = YES;
				SWIFT_VERSION = 5.0;
				TARGETED_DEVICE_FAMILY = "1,2";
			};
			name = Release;
		};
/* End XCBuildConfiguration section */

/* Begin XCConfigurationList section */
		34F5D56E2C186B0500FB12DF /* Build configuration list for PBXProject "SwiftUIFlowCoordinatorPatternNextIOS16" */ = {
			isa = XCConfigurationList;
			buildConfigurations = (
				34F5D57F2C186B0700FB12DF /* Debug */,
				34F5D5802C186B0700FB12DF /* Release */,
			);
			defaultConfigurationIsVisible = 0;
			defaultConfigurationName = Release;
		};
		34F5D5812C186B0700FB12DF /* Build configuration list for PBXNativeTarget "SwiftUIFlowCoordinatorPatternNextIOS16" */ = {
			isa = XCConfigurationList;
			buildConfigurations = (
				34F5D5822C186B0700FB12DF /* Debug */,
				34F5D5832C186B0700FB12DF /* Release */,
			);
			defaultConfigurationIsVisible = 0;
			defaultConfigurationName = Release;
		};
/* End XCConfigurationList section */
	};
	rootObject = 34F5D56B2C186B0500FB12DF /* Project object */;
}
